// !$*UTF8*$!
{
	archiveVersion = 1;
	classes = {
	};
	objectVersion = 56;
	objects = {

/* Begin PBXBuildFile section */
		1A000001000000000000001 /* WindowApp.swift in Sources */ = {isa = PBXBuildFile; fileRef = 1A000000000000000000001 /* WindowApp.swift */; };
		1A000002000000000000001 /* ContentView.swift in Sources */ = {isa = PBXBuildFile; fileRef = 1A000000000000000000002 /* ContentView.swift */; };
		1A000003000000000000001 /* AlertsView.swift in Sources */ = {isa = PBXBuildFile; fileRef = 1A000000000000000000003 /* AlertsView.swift */; };
		1A000005000000000000001 /* SettingsView.swift in Sources */ = {isa = PBXBuildFile; fileRef = 1A000000000000000000005 /* SettingsView.swift */; };
		1A000006000000000000001 /* Alert.swift in Sources */ = {isa = PBXBuildFile; fileRef = 1A000000000000000000006 /* Alert.swift */; };
		1A000007000000000000001 /* Note.swift in Sources */ = {isa = PBXBuildFile; fileRef = 1A000000000000000000007 /* Note.swift */; };
		1A000008000000000000001 /* AppSettings.swift in Sources */ = {isa = PBXBuildFile; fileRef = 1A000000000000000000008 /* AppSettings.swift */; };
		1A000009000000000000001 /* AlertsViewModel.swift in Sources */ = {isa = PBXBuildFile; fileRef = 1A000000000000000000009 /* AlertsViewModel.swift */; };
		1A00000A000000000000001 /* NotesViewModel.swift in Sources */ = {isa = PBXBuildFile; fileRef = 1A000000000000000000010 /* NotesViewModel.swift */; };
		1A00000B000000000000001 /* StorageService.swift in Sources */ = {isa = PBXBuildFile; fileRef = 1A000000000000000000011 /* StorageService.swift */; };
		1A00000C000000000000001 /* AlertService.swift in Sources */ = {isa = PBXBuildFile; fileRef = 1A000000000000000000012 /* AlertService.swift */; };
		1A00000D000000000000001 /* WindowPanel.swift in Sources */ = {isa = PBXBuildFile; fileRef = 1A000000000000000000014 /* WindowPanel.swift */; };
		1A00000E000000000000001 /* AlertSettingsView.swift in Sources */ = {isa = PBXBuildFile; fileRef = 1A000000000000000000015 /* AlertSettingsView.swift */; };
		1A00000F000000000000001 /* NotesSettingsView.swift in Sources */ = {isa = PBXBuildFile; fileRef = 1A000000000000000000016 /* NotesSettingsView.swift */; };
		1A000010000000000000001 /* Localizable.strings in Resources */ = {isa = PBXBuildFile; fileRef = 1A000000000000000000019 /* Localizable.strings */; };
		1A000011000000000000001 /* LocalizationManager.swift in Sources */ = {isa = PBXBuildFile; fileRef = 1A000000000000000000020 /* LocalizationManager.swift */; };
		1A000012000000000000001 /* RichTextEditor.swift in Sources */ = {isa = PBXBuildFile; fileRef = 1A000000000000000000021 /* RichTextEditor.swift */; };
		1A000013000000000000001 /* NotesViewRich.swift in Sources */ = {isa = PBXBuildFile; fileRef = 1A000000000000000000022 /* NotesViewRich.swift */; };
		1A000014000000000000001 /* win.png in Resources */ = {isa = PBXBuildFile; fileRef = 1A000000000000000000023 /* win.png */; };
		1A000015000000000000001 /* Assets.xcassets in Resources */ = {isa = PBXBuildFile; fileRef = 1A000000000000000000024 /* Assets.xcassets */; };
		1A000016000000000000001 /* AboutView.swift in Sources */ = {isa = PBXBuildFile; fileRef = 1A000000000000000000025 /* AboutView.swift */; };
/* End PBXBuildFile section */

/* Begin PBXFileReference section */
		1A000000000000000000001 /* WindowApp.swift */ = {isa = PBXFileReference; lastKnownFileType = sourcecode.swift; path = WindowApp.swift; sourceTree = "<group>"; };
		1A000000000000000000002 /* ContentView.swift */ = {isa = PBXFileReference; lastKnownFileType = sourcecode.swift; path = ContentView.swift; sourceTree = "<group>"; };
		1A000000000000000000003 /* AlertsView.swift */ = {isa = PBXFileReference; lastKnownFileType = sourcecode.swift; path = AlertsView.swift; sourceTree = "<group>"; };
		1A000000000000000000005 /* SettingsView.swift */ = {isa = PBXFileReference; lastKnownFileType = sourcecode.swift; path = SettingsView.swift; sourceTree = "<group>"; };
		1A000000000000000000006 /* Alert.swift */ = {isa = PBXFileReference; lastKnownFileType = sourcecode.swift; path = Alert.swift; sourceTree = "<group>"; };
		1A000000000000000000007 /* Note.swift */ = {isa = PBXFileReference; lastKnownFileType = sourcecode.swift; path = Note.swift; sourceTree = "<group>"; };
		1A000000000000000000008 /* AppSettings.swift */ = {isa = PBXFileReference; lastKnownFileType = sourcecode.swift; path = AppSettings.swift; sourceTree = "<group>"; };
		1A000000000000000000009 /* AlertsViewModel.swift */ = {isa = PBXFileReference; lastKnownFileType = sourcecode.swift; path = AlertsViewModel.swift; sourceTree = "<group>"; };
		1A000000000000000000010 /* NotesViewModel.swift */ = {isa = PBXFileReference; lastKnownFileType = sourcecode.swift; path = NotesViewModel.swift; sourceTree = "<group>"; };
		1A000000000000000000011 /* StorageService.swift */ = {isa = PBXFileReference; lastKnownFileType = sourcecode.swift; path = StorageService.swift; sourceTree = "<group>"; };
		1A000000000000000000012 /* AlertService.swift */ = {isa = PBXFileReference; lastKnownFileType = sourcecode.swift; path = AlertService.swift; sourceTree = "<group>"; };
		1A000000000000000000013 /* Info.plist */ = {isa = PBXFileReference; lastKnownFileType = text.plist.xml; path = Info.plist; sourceTree = "<group>"; };
		1A000000000000000000014 /* WindowPanel.swift */ = {isa = PBXFileReference; lastKnownFileType = sourcecode.swift; path = WindowPanel.swift; sourceTree = "<group>"; };
		1A000000000000000000015 /* AlertSettingsView.swift */ = {isa = PBXFileReference; lastKnownFileType = sourcecode.swift; path = AlertSettingsView.swift; sourceTree = "<group>"; };
		1A000000000000000000016 /* NotesSettingsView.swift */ = {isa = PBXFileReference; lastKnownFileType = sourcecode.swift; path = NotesSettingsView.swift; sourceTree = "<group>"; };
		1A000000000000000000017 /* en */ = {isa = PBXFileReference; lastKnownFileType = text.plist.strings; name = en; path = en.lproj/Localizable.strings; sourceTree = "<group>"; };
		1A000000000000000000018 /* zh-Hans */ = {isa = PBXFileReference; lastKnownFileType = text.plist.strings; name = "zh-Hans"; path = "zh-Hans.lproj/Localizable.strings"; sourceTree = "<group>"; };
		1A000000000000000000020 /* LocalizationManager.swift */ = {isa = PBXFileReference; lastKnownFileType = sourcecode.swift; path = LocalizationManager.swift; sourceTree = "<group>"; };
		1A000000000000000000021 /* RichTextEditor.swift */ = {isa = PBXFileReference; lastKnownFileType = sourcecode.swift; path = RichTextEditor.swift; sourceTree = "<group>"; };
		1A000000000000000000022 /* NotesViewRich.swift */ = {isa = PBXFileReference; lastKnownFileType = sourcecode.swift; path = NotesViewRich.swift; sourceTree = "<group>"; };
		1A000000000000000000023 /* win.png */ = {isa = PBXFileReference; lastKnownFileType = image.png; path = win.png; sourceTree = "<group>"; };
		1A000000000000000000024 /* Assets.xcassets */ = {isa = PBXFileReference; lastKnownFileType = folder.assetcatalog; path = Assets.xcassets; sourceTree = "<group>"; };
		1A000000000000000000025 /* AboutView.swift */ = {isa = PBXFileReference; lastKnownFileType = sourcecode.swift; path = AboutView.swift; sourceTree = "<group>"; };
		1A100000000000000000001 /* LightningNote.app */ = {isa = PBXFileReference; explicitFileType = wrapper.application; includeInIndex = 0; path = LightningNote.app; sourceTree = BUILT_PRODUCTS_DIR; };
		82668AC02F26390000C7A109 /* de */ = {isa = PBXFileReference; lastKnownFileType = text.plist.strings; name = de; path = de.lproj/Localizable.strings; sourceTree = "<group>"; };
		82668AC12F26391000C7A109 /* ja */ = {isa = PBXFileReference; lastKnownFileType = text.plist.strings; name = ja; path = ja.lproj/Localizable.strings; sourceTree = "<group>"; };
		82A755CE2F298C8400398D58 /* LightningNote.entitlements */ = {isa = PBXFileReference; lastKnownFileType = text.plist.entitlements; path = LightningNote.entitlements; sourceTree = "<group>"; };
/* End PBXFileReference section */

/* Begin PBXFrameworksBuildPhase section */
		1A200000000000000000001 /* Frameworks */ = {
			isa = PBXFrameworksBuildPhase;
			buildActionMask = 2147483647;
			files = (
			);
			runOnlyForDeploymentPostprocessing = 0;
		};
/* End PBXFrameworksBuildPhase section */

/* Begin PBXGroup section */
		1A300000000000000000001 = {
			isa = PBXGroup;
			children = (
				82A755CE2F298C8400398D58 /* LightningNote.entitlements */,
				1A300000000000000000002 /* window */,
				1A300000000000000000003 /* Products */,
			);
			sourceTree = "<group>";
		};
		1A300000000000000000002 /* window */ = {
			isa = PBXGroup;
			children = (
				1A000000000000000000001 /* WindowApp.swift */,
				1A000000000000000000014 /* WindowPanel.swift */,
				1A000000000000000000013 /* Info.plist */,
				1A000000000000000000024 /* Assets.xcassets */,
				1A300000000000000000004 /* Views */,
				1A300000000000000000005 /* Models */,
				1A300000000000000000006 /* ViewModels */,
				1A300000000000000000007 /* Services */,
				1A300000000000000000008 /* Resources */,
			);
			path = window;
			sourceTree = "<group>";
		};
		1A300000000000000000003 /* Products */ = {
			isa = PBXGroup;
			children = (
				1A100000000000000000001 /* LightningNote.app */,
			);
			name = Products;
			sourceTree = "<group>";
		};
		1A300000000000000000004 /* Views */ = {
			isa = PBXGroup;
			children = (
				1A000000000000000000002 /* ContentView.swift */,
				1A000000000000000000003 /* AlertsView.swift */,
				1A000000000000000000022 /* NotesViewRich.swift */,
				1A000000000000000000021 /* RichTextEditor.swift */,
				1A000000000000000000005 /* SettingsView.swift */,
				1A000000000000000000015 /* AlertSettingsView.swift */,
				1A000000000000000000016 /* NotesSettingsView.swift */,
				1A000000000000000000025 /* AboutView.swift */,
			);
			path = Views;
			sourceTree = "<group>";
		};
		1A300000000000000000005 /* Models */ = {
			isa = PBXGroup;
			children = (
				1A000000000000000000006 /* Alert.swift */,
				1A000000000000000000007 /* Note.swift */,
				1A000000000000000000008 /* AppSettings.swift */,
			);
			path = Models;
			sourceTree = "<group>";
		};
		1A300000000000000000006 /* ViewModels */ = {
			isa = PBXGroup;
			children = (
				1A000000000000000000009 /* AlertsViewModel.swift */,
				1A000000000000000000010 /* NotesViewModel.swift */,
			);
			path = ViewModels;
			sourceTree = "<group>";
		};
		1A300000000000000000007 /* Services */ = {
			isa = PBXGroup;
			children = (
				1A000000000000000000011 /* StorageService.swift */,
				1A000000000000000000012 /* AlertService.swift */,
				1A000000000000000000020 /* LocalizationManager.swift */,
			);
			path = Services;
			sourceTree = "<group>";
		};
		1A300000000000000000008 /* Resources */ = {
			isa = PBXGroup;
			children = (
				1A000000000000000000019 /* Localizable.strings */,
				1A000000000000000000023 /* win.png */,
			);
			path = Resources;
			sourceTree = "<group>";
		};
/* End PBXGroup section */

/* Begin PBXNativeTarget section */
		1A400000000000000000001 /* LightningNote */ = {
			isa = PBXNativeTarget;
			buildConfigurationList = 1A500000000000000000001 /* Build configuration list for PBXNativeTarget "LightningNote" */;
			buildPhases = (
				1A600000000000000000001 /* Sources */,
				1A200000000000000000001 /* Frameworks */,
				1A700000000000000000001 /* Resources */,
			);
			buildRules = (
			);
			dependencies = (
			);
			name = LightningNote;
			productName = Window;
			productReference = 1A100000000000000000001 /* LightningNote.app */;
			productType = "com.apple.product-type.application";
		};
/* End PBXNativeTarget section */

/* Begin PBXProject section */
		1A800000000000000000001 /* Project object */ = {
			isa = PBXProject;
			attributes = {
				BuildIndependentTargetsInParallel = 1;
				LastSwiftUpdateCheck = 1500;
				LastUpgradeCheck = 1500;
				TargetAttributes = {
					1A400000000000000000001 = {
						CreatedOnToolsVersion = 15.0;
					};
				};
			};
			buildConfigurationList = 1A500000000000000000002 /* Build configuration list for PBXProject "Window" */;
			compatibilityVersion = "Xcode 14.0";
			developmentRegion = en;
			hasScannedForEncodings = 0;
			knownRegions = (
				en,
				Base,
				"zh-Hans",
				de,
				ja,
			);
			mainGroup = 1A300000000000000000001;
			productRefGroup = 1A300000000000000000003 /* Products */;
			projectDirPath = "";
			projectRoot = "";
			targets = (
				1A400000000000000000001 /* LightningNote */,
			);
		};
/* End PBXProject section */

/* Begin PBXResourcesBuildPhase section */
		1A700000000000000000001 /* Resources */ = {
			isa = PBXResourcesBuildPhase;
			buildActionMask = 2147483647;
			files = (
				1A000010000000000000001 /* Localizable.strings in Resources */,
				1A000014000000000000001 /* win.png in Resources */,
				1A000015000000000000001 /* Assets.xcassets in Resources */,
			);
			runOnlyForDeploymentPostprocessing = 0;
		};
/* End PBXResourcesBuildPhase section */

/* Begin PBXSourcesBuildPhase section */
		1A600000000000000000001 /* Sources */ = {
			isa = PBXSourcesBuildPhase;
			buildActionMask = 2147483647;
			files = (
				1A000001000000000000001 /* WindowApp.swift in Sources */,
				1A000002000000000000001 /* ContentView.swift in Sources */,
				1A000003000000000000001 /* AlertsView.swift in Sources */,
				1A000005000000000000001 /* SettingsView.swift in Sources */,
				1A000006000000000000001 /* Alert.swift in Sources */,
				1A000007000000000000001 /* Note.swift in Sources */,
				1A000008000000000000001 /* AppSettings.swift in Sources */,
				1A000009000000000000001 /* AlertsViewModel.swift in Sources */,
				1A00000A000000000000001 /* NotesViewModel.swift in Sources */,
				1A00000B000000000000001 /* StorageService.swift in Sources */,
				1A00000C000000000000001 /* AlertService.swift in Sources */,
				1A00000D000000000000001 /* WindowPanel.swift in Sources */,
				1A00000E000000000000001 /* AlertSettingsView.swift in Sources */,
				1A00000F000000000000001 /* NotesSettingsView.swift in Sources */,
				1A000011000000000000001 /* LocalizationManager.swift in Sources */,
				1A000012000000000000001 /* RichTextEditor.swift in Sources */,
				1A000013000000000000001 /* NotesViewRich.swift in Sources */,
				1A000016000000000000001 /* AboutView.swift in Sources */,
			);
			runOnlyForDeploymentPostprocessing = 0;
		};
/* End PBXSourcesBuildPhase section */

/* Begin PBXVariantGroup section */
		1A000000000000000000019 /* Localizable.strings */ = {
			isa = PBXVariantGroup;
			children = (
				1A000000000000000000017 /* en */,
				1A000000000000000000018 /* zh-Hans */,
				82668AC02F26390000C7A109 /* de */,
				82668AC12F26391000C7A109 /* ja */,
			);
			name = Localizable.strings;
			sourceTree = "<group>";
		};
/* End PBXVariantGroup section */

/* Begin XCBuildConfiguration section */
		1A900000000000000000001 /* Debug */ = {
			isa = XCBuildConfiguration;
			buildSettings = {
				ALWAYS_SEARCH_USER_PATHS = NO;
				ASSETCATALOG_COMPILER_GENERATE_SWIFT_ASSET_SYMBOL_EXTENSIONS = YES;
				CLANG_ANALYZER_NONNULL = YES;
				CLANG_ANALYZER_NUMBER_OBJECT_CONVERSION = YES_AGGRESSIVE;
				CLANG_CXX_LANGUAGE_STANDARD = "gnu++20";
				CLANG_ENABLE_MODULES = YES;
				CLANG_ENABLE_OBJC_ARC = YES;
				CLANG_ENABLE_OBJC_WEAK = YES;
				CLANG_WARN_BLOCK_CAPTURE_AUTORELEASING = YES;
				CLANG_WARN_BOOL_CONVERSION = YES;
				CLANG_WARN_COMMA = YES;
				CLANG_WARN_CONSTANT_CONVERSION = YES;
				CLANG_WARN_DEPRECATED_OBJC_IMPLEMENTATIONS = YES;
				CLANG_WARN_DIRECT_OBJC_ISA_USAGE = YES_ERROR;
				CLANG_WARN_DOCUMENTATION_COMMENTS = YES;
				CLANG_WARN_EMPTY_BODY = YES;
				CLANG_WARN_ENUM_CONVERSION = YES;
				CLANG_WARN_INFINITE_RECURSION = YES;
				CLANG_WARN_INT_CONVERSION = YES;
				CLANG_WARN_NON_LITERAL_NULL_CONVERSION = YES;
				CLANG_WARN_OBJC_IMPLICIT_RETAIN_SELF = YES;
				CLANG_WARN_OBJC_LITERAL_CONVERSION = YES;
				CLANG_WARN_OBJC_ROOT_CLASS = YES_ERROR;
				CLANG_WARN_QUOTED_INCLUDE_IN_FRAMEWORK_HEADER = YES;
				CLANG_WARN_RANGE_LOOP_ANALYSIS = YES;
				CLANG_WARN_STRICT_PROTOTYPES = YES;
				CLANG_WARN_SUSPICIOUS_MOVE = YES;
				CLANG_WARN_UNGUARDED_AVAILABILITY = YES_AGGRESSIVE;
				CLANG_WARN_UNREACHABLE_CODE = YES;
				CLANG_WARN__DUPLICATE_METHOD_MATCH = YES;
				COPY_PHASE_STRIP = NO;
				DEBUG_INFORMATION_FORMAT = dwarf;
				ENABLE_STRICT_OBJC_MSGSEND = YES;
				ENABLE_TESTABILITY = YES;
				ENABLE_USER_SCRIPT_SANDBOXING = YES;
				GCC_C_LANGUAGE_STANDARD = gnu17;
				GCC_DYNAMIC_NO_PIC = NO;
				GCC_NO_COMMON_BLOCKS = YES;
				GCC_OPTIMIZATION_LEVEL = 0;
				GCC_PREPROCESSOR_DEFINITIONS = (
					"DEBUG=1",
					"$(inherited)",
				);
				GCC_WARN_64_TO_32_BIT_CONVERSION = YES;
				GCC_WARN_ABOUT_RETURN_TYPE = YES_ERROR;
				GCC_WARN_UNDECLARED_SELECTOR = YES;
				GCC_WARN_UNINITIALIZED_AUTOS = YES_AGGRESSIVE;
				GCC_WARN_UNUSED_FUNCTION = YES;
				GCC_WARN_UNUSED_VARIABLE = YES;
				LOCALIZATION_PREFERS_STRING_CATALOGS = YES;
				MACOSX_DEPLOYMENT_TARGET = 12.0;
				MTL_ENABLE_DEBUG_INFO = INCLUDE_SOURCE;
				MTL_FAST_MATH = YES;
				ONLY_ACTIVE_ARCH = YES;
				SDKROOT = macosx;
				SWIFT_ACTIVE_COMPILATION_CONDITIONS = "DEBUG $(inherited)";
				SWIFT_OPTIMIZATION_LEVEL = "-Onone";
			};
			name = Debug;
		};
		1A900000000000000000002 /* Release */ = {
			isa = XCBuildConfiguration;
			buildSettings = {
				ALWAYS_SEARCH_USER_PATHS = NO;
				ASSETCATALOG_COMPILER_GENERATE_SWIFT_ASSET_SYMBOL_EXTENSIONS = YES;
				CLANG_ANALYZER_NONNULL = YES;
				CLANG_ANALYZER_NUMBER_OBJECT_CONVERSION = YES_AGGRESSIVE;
				CLANG_CXX_LANGUAGE_STANDARD = "gnu++20";
				CLANG_ENABLE_MODULES = YES;
				CLANG_ENABLE_OBJC_ARC = YES;
				CLANG_ENABLE_OBJC_WEAK = YES;
				CLANG_WARN_BLOCK_CAPTURE_AUTORELEASING = YES;
				CLANG_WARN_BOOL_CONVERSION = YES;
				CLANG_WARN_COMMA = YES;
				CLANG_WARN_CONSTANT_CONVERSION = YES;
				CLANG_WARN_DEPRECATED_OBJC_IMPLEMENTATIONS = YES;
				CLANG_WARN_DIRECT_OBJC_ISA_USAGE = YES_ERROR;
				CLANG_WARN_DOCUMENTATION_COMMENTS = YES;
				CLANG_WARN_EMPTY_BODY = YES;
				CLANG_WARN_ENUM_CONVERSION = YES;
				CLANG_WARN_INFINITE_RECURSION = YES;
				CLANG_WARN_INT_CONVERSION = YES;
				CLANG_WARN_NON_LITERAL_NULL_CONVERSION = YES;
				CLANG_WARN_OBJC_IMPLICIT_RETAIN_SELF = YES;
				CLANG_WARN_OBJC_LITERAL_CONVERSION = YES;
				CLANG_WARN_OBJC_ROOT_CLASS = YES_ERROR;
				CLANG_WARN_QUOTED_INCLUDE_IN_FRAMEWORK_HEADER = YES;
				CLANG_WARN_RANGE_LOOP_ANALYSIS = YES;
				CLANG_WARN_STRICT_PROTOTYPES = YES;
				CLANG_WARN_SUSPICIOUS_MOVE = YES;
				CLANG_WARN_UNGUARDED_AVAILABILITY = YES_AGGRESSIVE;
				CLANG_WARN_UNREACHABLE_CODE = YES;
				CLANG_WARN__DUPLICATE_METHOD_MATCH = YES;
				COPY_PHASE_STRIP = NO;
				DEBUG_INFORMATION_FORMAT = "dwarf-with-dsym";
				ENABLE_NS_ASSERTIONS = NO;
				ENABLE_STRICT_OBJC_MSGSEND = YES;
				ENABLE_USER_SCRIPT_SANDBOXING = YES;
				GCC_C_LANGUAGE_STANDARD = gnu17;
				GCC_NO_COMMON_BLOCKS = YES;
				GCC_WARN_64_TO_32_BIT_CONVERSION = YES;
				GCC_WARN_ABOUT_RETURN_TYPE = YES_ERROR;
				GCC_WARN_UNDECLARED_SELECTOR = YES;
				GCC_WARN_UNINITIALIZED_AUTOS = YES_AGGRESSIVE;
				GCC_WARN_UNUSED_FUNCTION = YES;
				GCC_WARN_UNUSED_VARIABLE = YES;
				LOCALIZATION_PREFERS_STRING_CATALOGS = YES;
				MACOSX_DEPLOYMENT_TARGET = 12.0;
				MTL_ENABLE_DEBUG_INFO = NO;
				MTL_FAST_MATH = YES;
				ONLY_ACTIVE_ARCH = NO;
				SDKROOT = macosx;
				SWIFT_COMPILATION_MODE = wholemodule;
			};
			name = Release;
		};
		1A900000000000000000003 /* Debug */ = {
			isa = XCBuildConfiguration;
			buildSettings = {
				ASSETCATALOG_COMPILER_APPICON_NAME = win512.icns;
				ASSETCATALOG_COMPILER_GLOBAL_ACCENT_COLOR_NAME = AccentColor;
				ASSETCATALOG_COMPILER_INCLUDE_ALL_APPICON_ASSETS = YES;
				AUTOMATION_APPLE_EVENTS = NO;
				CODE_SIGN_ENTITLEMENTS = LightningNote.entitlements;
				CODE_SIGN_IDENTITY = "Apple Development";
				"CODE_SIGN_IDENTITY[sdk=macosx*]" = "Apple Development";
				CODE_SIGN_STYLE = Automatic;
				COMBINE_HIDPI_IMAGES = YES;
				CURRENT_PROJECT_VERSION = 1;
				DEVELOPMENT_TEAM = 9335DHRCL7;
				ENABLE_APP_SANDBOX = YES;
				ENABLE_HARDENED_RUNTIME = NO;
				ENABLE_INCOMING_NETWORK_CONNECTIONS = NO;
				ENABLE_OUTGOING_NETWORK_CONNECTIONS = NO;
				ENABLE_PREVIEWS = YES;
				ENABLE_RESOURCE_ACCESS_AUDIO_INPUT = NO;
				ENABLE_RESOURCE_ACCESS_BLUETOOTH = NO;
				ENABLE_RESOURCE_ACCESS_CALENDARS = NO;
				ENABLE_RESOURCE_ACCESS_CAMERA = NO;
				ENABLE_RESOURCE_ACCESS_CONTACTS = NO;
				ENABLE_RESOURCE_ACCESS_LOCATION = NO;
				ENABLE_RESOURCE_ACCESS_PHOTO_LIBRARY = NO;
				ENABLE_RESOURCE_ACCESS_PRINTING = NO;
				ENABLE_RESOURCE_ACCESS_USB = NO;
				GENERATE_INFOPLIST_FILE = NO;
				INFOPLIST_FILE = window/Info.plist;
				INFOPLIST_KEY_CFBundleDisplayName = "Lightning Note";
				INFOPLIST_KEY_LSApplicationCategoryType = "public.app-category.productivity";
				INFOPLIST_KEY_NSHumanReadableCopyright = "Copyright © 2026. All rights reserved.";
				LD_RUNPATH_SEARCH_PATHS = (
					"$(inherited)",
					"@executable_path/../Frameworks",
				);
				MARKETING_VERSION = 1.0;
				PRODUCT_BUNDLE_IDENTIFIER = com.zero2me.macwindow.note;
				PRODUCT_NAME = "$(TARGET_NAME)";
				PROVISIONING_PROFILE_SPECIFIER = "";
				RUNTIME_EXCEPTION_ALLOW_DYLD_ENVIRONMENT_VARIABLES = NO;
				RUNTIME_EXCEPTION_ALLOW_JIT = NO;
				RUNTIME_EXCEPTION_ALLOW_UNSIGNED_EXECUTABLE_MEMORY = NO;
				RUNTIME_EXCEPTION_DEBUGGING_TOOL = NO;
				RUNTIME_EXCEPTION_DISABLE_EXECUTABLE_PAGE_PROTECTION = NO;
				RUNTIME_EXCEPTION_DISABLE_LIBRARY_VALIDATION = NO;
				SWIFT_EMIT_LOC_STRINGS = YES;
				SWIFT_VERSION = 5.0;
			};
			name = Debug;
		};
		1A900000000000000000004 /* Release */ = {
			isa = XCBuildConfiguration;
			buildSettings = {
				ASSETCATALOG_COMPILER_APPICON_NAME = win512.icns;
				ASSETCATALOG_COMPILER_GLOBAL_ACCENT_COLOR_NAME = AccentColor;
				ASSETCATALOG_COMPILER_INCLUDE_ALL_APPICON_ASSETS = YES;
				AUTOMATION_APPLE_EVENTS = NO;
				CODE_SIGN_ENTITLEMENTS = LightningNote.entitlements;
				CODE_SIGN_IDENTITY = "Apple Development";
				"CODE_SIGN_IDENTITY[sdk=macosx*]" = "Apple Development";
				CODE_SIGN_STYLE = Automatic;
				COMBINE_HIDPI_IMAGES = YES;
				CURRENT_PROJECT_VERSION = 1;
				DEVELOPMENT_TEAM = 9335DHRCL7;
				ENABLE_APP_SANDBOX = YES;
				ENABLE_HARDENED_RUNTIME = NO;
				ENABLE_INCOMING_NETWORK_CONNECTIONS = NO;
				ENABLE_OUTGOING_NETWORK_CONNECTIONS = NO;
				ENABLE_PREVIEWS = YES;
				ENABLE_RESOURCE_ACCESS_AUDIO_INPUT = NO;
				ENABLE_RESOURCE_ACCESS_BLUETOOTH = NO;
				ENABLE_RESOURCE_ACCESS_CALENDARS = NO;
				ENABLE_RESOURCE_ACCESS_CAMERA = NO;
				ENABLE_RESOURCE_ACCESS_CONTACTS = NO;
				ENABLE_RESOURCE_ACCESS_LOCATION = NO;
				ENABLE_RESOURCE_ACCESS_PHOTO_LIBRARY = NO;
				ENABLE_RESOURCE_ACCESS_PRINTING = NO;
				ENABLE_RESOURCE_ACCESS_USB = NO;
				GENERATE_INFOPLIST_FILE = NO;
				INFOPLIST_FILE = window/Info.plist;
				INFOPLIST_KEY_CFBundleDisplayName = "Lightning Note";
				INFOPLIST_KEY_LSApplicationCategoryType = "public.app-category.productivity";
				INFOPLIST_KEY_NSHumanReadableCopyright = "Copyright © 2026. All rights reserved.";
				LD_RUNPATH_SEARCH_PATHS = (
					"$(inherited)",
					"@executable_path/../Frameworks",
				);
				MARKETING_VERSION = 1.0;
				PRODUCT_BUNDLE_IDENTIFIER = com.zero2me.macwindow.note;
				PRODUCT_NAME = "$(TARGET_NAME)";
				PROVISIONING_PROFILE_SPECIFIER = "";
				RUNTIME_EXCEPTION_ALLOW_DYLD_ENVIRONMENT_VARIABLES = NO;
				RUNTIME_EXCEPTION_ALLOW_JIT = NO;
				RUNTIME_EXCEPTION_ALLOW_UNSIGNED_EXECUTABLE_MEMORY = NO;
				RUNTIME_EXCEPTION_DEBUGGING_TOOL = NO;
				RUNTIME_EXCEPTION_DISABLE_EXECUTABLE_PAGE_PROTECTION = NO;
				RUNTIME_EXCEPTION_DISABLE_LIBRARY_VALIDATION = NO;
				SWIFT_EMIT_LOC_STRINGS = YES;
				SWIFT_VERSION = 5.0;
			};
			name = Release;
		};
/* End XCBuildConfiguration section */

/* Begin XCConfigurationList section */
		1A500000000000000000001 /* Build configuration list for PBXNativeTarget "LightningNote" */ = {
			isa = XCConfigurationList;
			buildConfigurations = (
				1A900000000000000000003 /* Debug */,
				1A900000000000000000004 /* Release */,
			);
			defaultConfigurationIsVisible = 0;
			defaultConfigurationName = Release;
		};
		1A500000000000000000002 /* Build configuration list for PBXProject "Window" */ = {
			isa = XCConfigurationList;
			buildConfigurations = (
				1A900000000000000000001 /* Debug */,
				1A900000000000000000002 /* Release */,
			);
			defaultConfigurationIsVisible = 0;
			defaultConfigurationName = Release;
		};
/* End XCConfigurationList section */
	};
	rootObject = 1A800000000000000000001 /* Project object */;
}
